
Microsoft Visual Studio Solution File, Format Version 12.00
# Visual Studio Version 17
VisualStudioVersion = 17.11.35327.3
MinimumVisualStudioVersion = 10.0.40219.1
Project("{9A19103F-16F7-4668-BE54-9A1E7A4F7556}") = "BankLIB", "BankLIB\BankLIB.csproj", "{CEC67796-9D09-46BC-B676-332E537D32A1}"
EndProject
Project("{9A19103F-16F7-4668-BE54-9A1E7A4F7556}") = "ConsoleApp1", "ConsoleApp1\ConsoleApp1.csproj", "{4C8D0576-7CC7-4DE9-B789-DC3C8590373F}"
EndProject
Project("{FAE04EC0-301F-11D3-BF4B-00C04F79EFBC}") = "TestProject1", "TestProject1\TestProject1.csproj", "{935A533C-055A-43E5-BCC3-51F3BAE9C5EC}"
EndProject
Global
	GlobalSection(SolutionConfigurationPlatforms) = preSolution
		Debug|Any CPU = Debug|Any CPU
		Release|Any CPU = Release|Any CPU
	EndGlobalSection
	GlobalSection(ProjectConfigurationPlatforms) = postSolution
		{CEC67796-9D09-46BC-B676-332E537D32A1}.Debug|Any CPU.ActiveCfg = Debug|Any CPU
		{CEC67796-9D09-46BC-B676-332E537D32A1}.Debug|Any CPU.Build.0 = Debug|Any CPU
		{CEC67796-9D09-46BC-B676-332E537D32A1}.Release|Any CPU.ActiveCfg = Release|Any CPU
		{CEC67796-9D09-46BC-B676-332E537D32A1}.Release|Any CPU.Build.0 = Release|Any CPU
		{4C8D0576-7CC7-4DE9-B789-DC3C8590373F}.Debug|Any CPU.ActiveCfg = Debug|Any CPU
		{4C8D0576-7CC7-4DE9-B789-DC3C8590373F}.Debug|Any CPU.Build.0 = Debug|Any CPU
		{4C8D0576-7CC7-4DE9-B789-DC3C8590373F}.Release|Any CPU.ActiveCfg = Release|Any CPU
		{4C8D0576-7CC7-4DE9-B789-DC3C8590373F}.Release|Any CPU.Build.0 = Release|Any CPU
		{935A533C-055A-43E5-BCC3-51F3BAE9C5EC}.Debug|Any CPU.ActiveCfg = Debug|Any CPU
		{935A533C-055A-43E5-BCC3-51F3BAE9C5EC}.Debug|Any CPU.Build.0 = Debug|Any CPU
		{935A533C-055A-43E5-BCC3-51F3BAE9C5EC}.Release|Any CPU.ActiveCfg = Release|Any CPU
		{935A533C-055A-43E5-BCC3-51F3BAE9C5EC}.Release|Any CPU.Build.0 = Release|Any CPU
	EndGlobalSection
	GlobalSection(SolutionProperties) = preSolution
		HideSolutionNode = FALSE
	EndGlobalSection
	GlobalSection(ExtensibilityGlobals) = postSolution
		SolutionGuid = {3403BF67-9E8F-4EED-BDB6-A5DD3F4B4E23}
	EndGlobalSection
EndGlobal
